
Microsoft Visual Studio Solution File, Format Version 12.00
# Visual Studio 14
VisualStudioVersion = 14.0.25420.1
MinimumVisualStudioVersion = 10.0.40219.1
Project("{FAE04EC0-301F-11D3-BF4B-00C04F79EFBC}") = "EmployeeManagement.Core", "EmployeeManagement.Core\EmployeeManagement.Core.csproj", "{050E8FD7-63DE-4054-83D3-D399F20C4ECA}"
EndProject
Project("{FAE04EC0-301F-11D3-BF4B-00C04F79EFBC}") = "EmployeeManagement.Tests", "EmployeeManagement.Tests\EmployeeManagement.Tests.csproj", "{FDC0B92E-313D-4528-86EC-8B580EBE9807}"
EndProject
Project("{FAE04EC0-301F-11D3-BF4B-00C04F79EFBC}") = "EmployeeManagement.Web", "EmployeeManagement.Web\EmployeeManagement.Web.csproj", "{2CD8D0D4-4CDC-4280-BEF4-42EF12ABC29B}"
EndProject
Project("{00D1A9C2-B5F0-4AF3-8072-F6C62B433612}") = "EmployeeManagement.Database", "EmployeeManagement.Database\EmployeeManagement.Database.sqlproj", "{AB796E12-7A66-48B6-BC8D-BE9DD17BB62F}"
EndProject
Global
	GlobalSection(SolutionConfigurationPlatforms) = preSolution
		Debug|Any CPU = Debug|Any CPU
		Release|Any CPU = Release|Any CPU
	EndGlobalSection
	GlobalSection(ProjectConfigurationPlatforms) = postSolution
		{050E8FD7-63DE-4054-83D3-D399F20C4ECA}.Debug|Any CPU.ActiveCfg = Debug|Any CPU
		{050E8FD7-63DE-4054-83D3-D399F20C4ECA}.Debug|Any CPU.Build.0 = Debug|Any CPU
		{050E8FD7-63DE-4054-83D3-D399F20C4ECA}.Release|Any CPU.ActiveCfg = Release|Any CPU
		{050E8FD7-63DE-4054-83D3-D399F20C4ECA}.Release|Any CPU.Build.0 = Release|Any CPU
		{FDC0B92E-313D-4528-86EC-8B580EBE9807}.Debug|Any CPU.ActiveCfg = Debug|Any CPU
		{FDC0B92E-313D-4528-86EC-8B580EBE9807}.Debug|Any CPU.Build.0 = Debug|Any CPU
		{FDC0B92E-313D-4528-86EC-8B580EBE9807}.Release|Any CPU.ActiveCfg = Release|Any CPU
		{FDC0B92E-313D-4528-86EC-8B580EBE9807}.Release|Any CPU.Build.0 = Release|Any CPU
		{2CD8D0D4-4CDC-4280-BEF4-42EF12ABC29B}.Debug|Any CPU.ActiveCfg = Debug|Any CPU
		{2CD8D0D4-4CDC-4280-BEF4-42EF12ABC29B}.Debug|Any CPU.Build.0 = Debug|Any CPU
		{2CD8D0D4-4CDC-4280-BEF4-42EF12ABC29B}.Release|Any CPU.ActiveCfg = Release|Any CPU
		{2CD8D0D4-4CDC-4280-BEF4-42EF12ABC29B}.Release|Any CPU.Build.0 = Release|Any CPU
		{AB796E12-7A66-48B6-BC8D-BE9DD17BB62F}.Debug|Any CPU.ActiveCfg = Debug|Any CPU
		{AB796E12-7A66-48B6-BC8D-BE9DD17BB62F}.Debug|Any CPU.Build.0 = Debug|Any CPU
		{AB796E12-7A66-48B6-BC8D-BE9DD17BB62F}.Debug|Any CPU.Deploy.0 = Debug|Any CPU
		{AB796E12-7A66-48B6-BC8D-BE9DD17BB62F}.Release|Any CPU.ActiveCfg = Release|Any CPU
		{AB796E12-7A66-48B6-BC8D-BE9DD17BB62F}.Release|Any CPU.Build.0 = Release|Any CPU
		{AB796E12-7A66-48B6-BC8D-BE9DD17BB62F}.Release|Any CPU.Deploy.0 = Release|Any CPU
	EndGlobalSection
	GlobalSection(SolutionProperties) = preSolution
		HideSolutionNode = FALSE
	EndGlobalSection
EndGlobal
